{
  "requires": true,
  "lockfileVersion": 1,
  "dependencies": {
    "@react-navigation/core": {
      "version": "3.3.1",
      "resolved": "https://registry.npmjs.org/@react-navigation/core/-/core-3.3.1.tgz",
      "integrity": "sha512-pvvnUPUe4Pf5hJ8+fAsRsuNaBT8kcxmBJkd9SsFA7aftvEnAIXL9mEanMJyhtUAw2s6nipqu4E+Mw1ToPhW6oA==",
      "requires": {
        "hoist-non-react-statics": "^2.5.5",
        "path-to-regexp": "^1.7.0",
        "query-string": "^6.2.0",
        "react-is": "^16.6.3"
      }
    },
    "@react-navigation/native": {
      "version": "3.4.1",
      "resolved": "https://registry.npmjs.org/@react-navigation/native/-/native-3.4.1.tgz",
      "integrity": "sha512-pMAPQfvwC4DvhQfsrXKAf+FiU+A5XAh216v17rEePSFcbeOEt7cvewmWxCxydN/vFjJChFiPV+xnjJyJBdPLOg==",
      "requires": {
        "hoist-non-react-statics": "^3.0.1",
        "react-native-safe-area-view": "^0.13.0",
        "react-native-screens": "^1.0.0 || ^1.0.0-alpha"
      },
      "dependencies": {
        "hoist-non-react-statics": {
          "version": "3.3.0",
          "resolved": "https://registry.npmjs.org/hoist-non-react-statics/-/hoist-non-react-statics-3.3.0.tgz",
          "integrity": "sha512-0XsbTXxgiaCDYDIWFcwkmerZPSwywfUqYmwT4jzewKTQSWoE6FCMoUVOeBJWK3E/CrWbxRG3m5GzY4lnIwGRBA==",
          "requires": {
            "react-is": "^16.7.0"
          }
        }
      }
    },
    "decode-uri-component": {
      "version": "0.2.0",
      "resolved": "https://registry.npmjs.org/decode-uri-component/-/decode-uri-component-0.2.0.tgz",
      "integrity": "sha1-6zkTMzRYd1y4TNGh+uBiEGu4dUU="
    },
    "hoist-non-react-statics": {
      "version": "2.5.5",
      "resolved": "https://registry.npmjs.org/hoist-non-react-statics/-/hoist-non-react-statics-2.5.5.tgz",
      "integrity": "sha512-rqcy4pJo55FTTLWt+bU8ukscqHeE/e9KWvsOW2b/a3afxQZhwkQdT1rPPCJ0rYXdj4vNcasY8zHTH+jF/qStxw=="
    },
    "isarray": {
      "version": "0.0.1",
      "resolved": "https://registry.npmjs.org/isarray/-/isarray-0.0.1.tgz",
      "integrity": "sha1-ihis/Kmo9Bd+Cav8YDiTmwXR7t8="
    },
    "js-tokens": {
      "version": "4.0.0",
      "resolved": "https://registry.npmjs.org/js-tokens/-/js-tokens-4.0.0.tgz",
      "integrity": "sha512-RdJUflcE3cUzKiMqQgsCu06FPu9UdIJO0beYbPhHN4k6apgJtifcoCtT9bcxOpYBtpD2kCM6Sbzg4CausW/PKQ=="
    },
    "loose-envify": {
      "version": "1.4.0",
      "resolved": "https://registry.npmjs.org/loose-envify/-/loose-envify-1.4.0.tgz",
      "integrity": "sha512-lyuxPGr/Wfhrlem2CL/UcnUc1zcqKAImBDzukY7Y5F/yQiNdko6+fRLevlw1HgMySw7f611UIY408EtxRSoK3Q==",
      "requires": {
        "js-tokens": "^3.0.0 || ^4.0.0"
      }
    },
    "object-assign": {
      "version": "4.1.1",
      "resolved": "https://registry.npmjs.org/object-assign/-/object-assign-4.1.1.tgz",
      "integrity": "sha1-IQmtx5ZYh8/AXLvUQsrIv7s2CGM="
    },
    "path-to-regexp": {
      "version": "1.7.0",
      "resolved": "https://registry.npmjs.org/path-to-regexp/-/path-to-regexp-1.7.0.tgz",
      "integrity": "sha1-Wf3g9DW62suhA6hOnTvGTpa5k30=",
      "requires": {
        "isarray": "0.0.1"
      }
    },
    "prop-types": {
      "version": "15.7.2",
      "resolved": "https://registry.npmjs.org/prop-types/-/prop-types-15.7.2.tgz",
      "integrity": "sha512-8QQikdH7//R2vurIJSutZ1smHYTcLpRWEOlHnzcWHmBYrOGUysKwSsrC89BCiFj3CbrfJ/nXFdJepOVrY1GCHQ==",
      "requires": {
        "loose-envify": "^1.4.0",
        "object-assign": "^4.1.1",
        "react-is": "^16.8.1"
      }
    },
    "query-string": {
      "version": "6.4.2",
      "resolved": "https://registry.npmjs.org/query-string/-/query-string-6.4.2.tgz",
      "integrity": "sha512-DfJqAen17LfLA3rQ+H5S4uXphrF+ANU1lT2ijds4V/Tj4gZxA3gx5/tg1bz7kYCmwna7LyJNCYqO7jNRzo3aLw==",
      "requires": {
        "decode-uri-component": "^0.2.0",
        "split-on-first": "^1.0.0",
        "strict-uri-encode": "^2.0.0"
      }
    },
    "react-is": {
      "version": "16.8.6",
      "resolved": "https://registry.npmjs.org/react-is/-/react-is-16.8.6.tgz",
      "integrity": "sha512-aUk3bHfZ2bRSVFFbbeVS4i+lNPZr3/WM5jT2J5omUVV1zzcs1nAaf3l51ctA5FFvCRbhrH0bdAsRRQddFJZPtA=="
    },
    "react-lifecycles-compat": {
      "version": "3.0.4",
      "resolved": "https://registry.npmjs.org/react-lifecycles-compat/-/react-lifecycles-compat-3.0.4.tgz",
      "integrity": "sha512-fBASbA6LnOU9dOU2eW7aQ8xmYBSXUIWr+UmF9b1efZBazGNO+rcXT/icdKnYm2pTwcRylVUYwW7H1PHfLekVzA=="
    },
    "react-native-safe-area-view": {
      "version": "0.13.1",
      "resolved": "https://registry.npmjs.org/react-native-safe-area-view/-/react-native-safe-area-view-0.13.1.tgz",
      "integrity": "sha512-d/pu2866jApSwLtK/xWAvMXZkNTIQcFrjjbcTATBrmIfFNnu8TNFUcMRFpfJ+eOn5nmx7uGmDvs9B53Ft7JGpQ==",
      "requires": {
        "hoist-non-react-statics": "^2.3.1"
      }
    },
    "react-native-screens": {
      "version": "1.0.0-alpha.22",
      "resolved": "https://registry.npmjs.org/react-native-screens/-/react-native-screens-1.0.0-alpha.22.tgz",
      "integrity": "sha512-kSyAt0AeVU6N7ZonfV6dP6iZF8B7Bce+tk3eujXhzBGsLg0VSLnU7uE9VqJF0xdQrHR91ZjGgVMieo/8df9KTA=="
    },
    "react-native-tab-view": {
      "version": "1.3.4",
      "resolved": "https://registry.npmjs.org/react-native-tab-view/-/react-native-tab-view-1.3.4.tgz",
      "integrity": "sha512-iufNROTPr4+Z/IKijlp5faEANiDBWxhpgx9NSCg3esZ+HN5+UtFwB0xkn4XpNRqCvbzeBkgKMRJL3V6kr5NhWg==",
      "requires": {
        "prop-types": "^15.6.1"
      }
    },
    "react-navigation": {
      "version": "3.8.1",
      "resolved": "https://registry.npmjs.org/react-navigation/-/react-navigation-3.8.1.tgz",
      "integrity": "sha512-GzLZPZlYGqSuZTAiWu6TlwfhZ4UqK7n7gdo4+9OzlQ/Cw7g2KHks+/43iU4pX+V1/YhnRDTgdGrJFq+vC6aDzw==",
      "requires": {
        "@react-navigation/core": "~3.3.0",
        "@react-navigation/native": "~3.4.0",
        "react-navigation-drawer": "1.2.1",
        "react-navigation-stack": "1.3.0",
        "react-navigation-tabs": "1.1.2"
      }
    },
    "react-navigation-drawer": {
      "version": "1.2.1",
      "resolved": "https://registry.npmjs.org/react-navigation-drawer/-/react-navigation-drawer-1.2.1.tgz",
      "integrity": "sha512-T2kaBjY2c4/3I6noWFnaf/c18ntNH5DsST38i+pdc2NPxn5Yi5lkK+ZZTeKuHSFD4a7G0jWY9OGf1iRkHWLMAQ==",
      "requires": {
        "react-native-tab-view": "^1.2.0"
      }
    },
    "react-navigation-stack": {
      "version": "1.3.0",
      "resolved": "https://registry.npmjs.org/react-navigation-stack/-/react-navigation-stack-1.3.0.tgz",
      "integrity": "sha512-ouyD1GkRksJSGuvAuqrJnlJnZ5g2g/+/WB/MTa8BzjSBvyOgruD5TrmEkpViCOMr1R17C8D4Htln90H4D+NV3Q=="
    },
    "react-navigation-tabs": {
      "version": "1.1.2",
      "resolved": "https://registry.npmjs.org/react-navigation-tabs/-/react-navigation-tabs-1.1.2.tgz",
      "integrity": "sha512-D4fecSwZfvNh5WHTURmUVrNSgy3tiNfID0n5eKTOhCz4Sls4EM2l27UTX833ngxXhQ1FqRtBxzQZ+Dp1FWJ1pw==",
      "requires": {
        "hoist-non-react-statics": "^2.5.0",
        "prop-types": "^15.6.1",
        "react-lifecycles-compat": "^3.0.4",
        "react-native-tab-view": "^1.3.4"
      }
    },
    "split-on-first": {
      "version": "1.0.0",
      "resolved": "https://registry.npmjs.org/split-on-first/-/split-on-first-1.0.0.tgz",
      "integrity": "sha512-mjA57TQtdWztVZ9THAjGNpgbuIrNfsNrGa5IyK94NoPaT4N14M+GI4jD7t4arLjFkYRQWdETC5RxFzLWouoB3A=="
    },
    "strict-uri-encode": {
      "version": "2.0.0",
      "resolved": "https://registry.npmjs.org/strict-uri-encode/-/strict-uri-encode-2.0.0.tgz",
      "integrity": "sha1-ucczDHBChi9rFC3CdLvMWGbONUY="
    }
  }
}
